Microsoft Visual Studio Solution File, Format Version 12.00
# Visual Studio Version 17
VisualStudioVersion = 17.5.2.0
MinimumVisualStudioVersion = 10.0.40219.1
Project("{FAE04EC0-301F-11D3-BF4B-00C04F79EFBC}") = "Atividade05", "Atividade05.csproj", "{A329D23B-3F85-536D-3B8F-9786F2DD953B}"
EndProject
Global
	GlobalSection(SolutionConfigurationPlatforms) = preSolution
		Debug|Any CPU = Debug|Any CPU
		Release|Any CPU = Release|Any CPU
	EndGlobalSection
	GlobalSection(ProjectConfigurationPlatforms) = postSolution
		{A329D23B-3F85-536D-3B8F-9786F2DD953B}.Debug|Any CPU.ActiveCfg = Debug|Any CPU
		{A329D23B-3F85-536D-3B8F-9786F2DD953B}.Debug|Any CPU.Build.0 = Debug|Any CPU
		{A329D23B-3F85-536D-3B8F-9786F2DD953B}.Release|Any CPU.ActiveCfg = Release|Any CPU
		{A329D23B-3F85-536D-3B8F-9786F2DD953B}.Release|Any CPU.Build.0 = Release|Any CPU
	EndGlobalSection
	GlobalSection(SolutionProperties) = preSolution
		HideSolutionNode = FALSE
	EndGlobalSection
	GlobalSection(ExtensibilityGlobals) = postSolution
		SolutionGuid = {BF7CD53B-4403-4A0F-BC55-536F8295ABA4}
	EndGlobalSection
EndGlobal
