Microsoft Visual Studio Solution File, Format Version 12.00
# Visual Studio Version 17
VisualStudioVersion = 17.5.2.0
MinimumVisualStudioVersion = 10.0.40219.1
Project("{FAE04EC0-301F-11D3-BF4B-00C04F79EFBC}") = "Atividade04", "Atividade04.csproj", "{0EF753DC-AE9F-80FD-4D7A-B527DA154B41}"
EndProject
Global
	GlobalSection(SolutionConfigurationPlatforms) = preSolution
		Debug|Any CPU = Debug|Any CPU
		Release|Any CPU = Release|Any CPU
	EndGlobalSection
	GlobalSection(ProjectConfigurationPlatforms) = postSolution
		{0EF753DC-AE9F-80FD-4D7A-B527DA154B41}.Debug|Any CPU.ActiveCfg = Debug|Any CPU
		{0EF753DC-AE9F-80FD-4D7A-B527DA154B41}.Debug|Any CPU.Build.0 = Debug|Any CPU
		{0EF753DC-AE9F-80FD-4D7A-B527DA154B41}.Release|Any CPU.ActiveCfg = Release|Any CPU
		{0EF753DC-AE9F-80FD-4D7A-B527DA154B41}.Release|Any CPU.Build.0 = Release|Any CPU
	EndGlobalSection
	GlobalSection(SolutionProperties) = preSolution
		HideSolutionNode = FALSE
	EndGlobalSection
	GlobalSection(ExtensibilityGlobals) = postSolution
		SolutionGuid = {0AFF8497-45A3-422D-A6FA-A50478E3B6B2}
	EndGlobalSection
EndGlobal
